
Microsoft Visual Studio Solution File, Format Version 12.00
# Visual Studio Version 17
VisualStudioVersion = 17.12.35707.178
MinimumVisualStudioVersion = 10.0.40219.1
Project("{FAE04EC0-301F-11D3-BF4B-00C04F79EFBC}") = "FrontEnd", "FrontEnd\FrontEnd.csproj", "{3035B7CB-0E0C-418B-B305-CB13E0C1661F}"
EndProject
Project("{FAE04EC0-301F-11D3-BF4B-00C04F79EFBC}") = "Api", "Api\Api.csproj", "{A537A949-697F-443A-B20A-83DACDE14DBD}"
EndProject
Project("{FAE04EC0-301F-11D3-BF4B-00C04F79EFBC}") = "Application", "Application\Application.csproj", "{A895B02B-BB70-4944-8F7F-BDC31EDCF6AD}"
EndProject
Project("{FAE04EC0-301F-11D3-BF4B-00C04F79EFBC}") = "Core", "Core\Core.csproj", "{DAF92EC4-3A2D-496A-93F4-DA4CE1CC1146}"
EndProject
Project("{FAE04EC0-301F-11D3-BF4B-00C04F79EFBC}") = "Infrastructure", "Infrastructure\Infrastructure.csproj", "{1DF6CD6F-51AA-47F4-81D7-A351D4B30E24}"
EndProject
Global
	GlobalSection(SolutionConfigurationPlatforms) = preSolution
		Debug|Any CPU = Debug|Any CPU
		Release|Any CPU = Release|Any CPU
	EndGlobalSection
	GlobalSection(ProjectConfigurationPlatforms) = postSolution
		{3035B7CB-0E0C-418B-B305-CB13E0C1661F}.Debug|Any CPU.ActiveCfg = Debug|Any CPU
		{3035B7CB-0E0C-418B-B305-CB13E0C1661F}.Debug|Any CPU.Build.0 = Debug|Any CPU
		{3035B7CB-0E0C-418B-B305-CB13E0C1661F}.Release|Any CPU.ActiveCfg = Release|Any CPU
		{3035B7CB-0E0C-418B-B305-CB13E0C1661F}.Release|Any CPU.Build.0 = Release|Any CPU
		{A537A949-697F-443A-B20A-83DACDE14DBD}.Debug|Any CPU.ActiveCfg = Debug|Any CPU
		{A537A949-697F-443A-B20A-83DACDE14DBD}.Debug|Any CPU.Build.0 = Debug|Any CPU
		{A537A949-697F-443A-B20A-83DACDE14DBD}.Release|Any CPU.ActiveCfg = Release|Any CPU
		{A537A949-697F-443A-B20A-83DACDE14DBD}.Release|Any CPU.Build.0 = Release|Any CPU
		{A895B02B-BB70-4944-8F7F-BDC31EDCF6AD}.Debug|Any CPU.ActiveCfg = Debug|Any CPU
		{A895B02B-BB70-4944-8F7F-BDC31EDCF6AD}.Debug|Any CPU.Build.0 = Debug|Any CPU
		{A895B02B-BB70-4944-8F7F-BDC31EDCF6AD}.Release|Any CPU.ActiveCfg = Release|Any CPU
		{A895B02B-BB70-4944-8F7F-BDC31EDCF6AD}.Release|Any CPU.Build.0 = Release|Any CPU
		{DAF92EC4-3A2D-496A-93F4-DA4CE1CC1146}.Debug|Any CPU.ActiveCfg = Debug|Any CPU
		{DAF92EC4-3A2D-496A-93F4-DA4CE1CC1146}.Debug|Any CPU.Build.0 = Debug|Any CPU
		{DAF92EC4-3A2D-496A-93F4-DA4CE1CC1146}.Release|Any CPU.ActiveCfg = Release|Any CPU
		{DAF92EC4-3A2D-496A-93F4-DA4CE1CC1146}.Release|Any CPU.Build.0 = Release|Any CPU
		{1DF6CD6F-51AA-47F4-81D7-A351D4B30E24}.Debug|Any CPU.ActiveCfg = Debug|Any CPU
		{1DF6CD6F-51AA-47F4-81D7-A351D4B30E24}.Debug|Any CPU.Build.0 = Debug|Any CPU
		{1DF6CD6F-51AA-47F4-81D7-A351D4B30E24}.Release|Any CPU.ActiveCfg = Release|Any CPU
		{1DF6CD6F-51AA-47F4-81D7-A351D4B30E24}.Release|Any CPU.Build.0 = Release|Any CPU
	EndGlobalSection
	GlobalSection(SolutionProperties) = preSolution
		HideSolutionNode = FALSE
	EndGlobalSection
EndGlobal
